<?xml version="1.0" encoding="UTF-8" standalone="yes" ?>
<CodeBlocks_project_file>
	<FileVersion major="1" minor="6" />
	<Project>
		<Option title="piMASS" />
		<Option pch_mode="2" />
		<Option compiler="gcc" />
		<Build>
			<Target title="Debug">
				<Option output="bin/Debug/piMASS" prefix_auto="1" extension_auto="1" />
				<Option object_output="obj/Debug/" />
				<Option type="1" />
				<Option compiler="gcc" />
				<Option parameters="cam.mass" />
				<Compiler>
					<Add option="-g" />
					<Add directory="./" />
					<Add directory="include" />
					<Add directory="../piMASS" />
				</Compiler>
			</Target>
			<Target title="Release">
				<Option output="bin/Release/piMASS" prefix_auto="1" extension_auto="1" />
				<Option object_output="obj/Release/" />
				<Option type="0" />
				<Option compiler="gcc" />
				<Option parameters="piCAM.mass" />
				<Compiler>
					<Add option="-O2" />
					<Add directory="./" />
					<Add directory="include" />
					<Add directory="../piMASS" />
				</Compiler>
				<Linker>
					<Add option="-s" />
				</Linker>
			</Target>
		</Build>
		<Compiler>
			<Add option="-Wall" />
			<Add option="-std=c++11" />
			<Add option="`sdl2-config --cflags`" />
		</Compiler>
		<Linker>
			<Add option="`sdl2-config --libs`" />
			<Add library="GL" />
			<Add library="GLEW" />
			<Add library="SDL2" />
			<Add library="libjpeg" />
		</Linker>
		<Unit filename="gpMASSbuild.cpp" />
		<Unit filename="gpcLAZY.cpp" />
		<Unit filename="gpcOPCD.cpp" />
		<Unit filename="gpcSRC.cpp" />
		<Unit filename="gpcSRC.h" />
		<Unit filename="gpcU14.cpp" />
		<Unit filename="gpcU44.cpp" />
		<Unit filename="gpcgt.cpp" />
		<Unit filename="gpcgt.h" />
		<Unit filename="gpcgtos.cpp" />
		<Unit filename="gpcpic.cpp" />
		<Unit filename="gpcpic.h" />
		<Unit filename="gpcres.cpp" />
		<Unit filename="gpcres.h" />
		<Unit filename="gpcres2mini.cpp" />
		<Unit filename="gpcres_compi.cpp" />
		<Unit filename="gpcres_run.cpp" />
		<Unit filename="include/gpcND.h" />
		<Unit filename="include/gpcOPCD.h" />
		<Unit filename="include/gpcSCHL.h" />
		<Unit filename="include/gpccrs.h" />
		<Unit filename="include/gpcwin.h" />
		<Unit filename="include/gpeALF.h" />
		<Unit filename="piMASS.h" />
		<Unit filename="piMASS_main.cpp" />
		<Unit filename="src/gpcND.cpp" />
		<Unit filename="src/gpcPROTO.cpp" />
		<Unit filename="src/gpccrs.cpp" />
		<Unit filename="src/gpcwin.cpp" />
		<Extensions>
			<code_completion />
			<debugger />
		</Extensions>
	</Project>
</CodeBlocks_project_file>
